// !$*UTF8*$!
{
	archiveVersion = 1;
	classes = {
	};
	objectVersion = 46;
	objects = {

/* Begin PBXBuildFile section */
		882F91A31D9BE9ED00F08F40 /* AppDelegate.swift in Sources */ = {isa = PBXBuildFile; fileRef = 882F91A21D9BE9ED00F08F40 /* AppDelegate.swift */; };
		882F91A51D9BE9ED00F08F40 /* ViewController.swift in Sources */ = {isa = PBXBuildFile; fileRef = 882F91A41D9BE9ED00F08F40 /* ViewController.swift */; };
		882F91A81D9BE9ED00F08F40 /* Main.storyboard in Resources */ = {isa = PBXBuildFile; fileRef = 882F91A61D9BE9ED00F08F40 /* Main.storyboard */; };
		882F91AA1D9BE9ED00F08F40 /* Assets.xcassets in Resources */ = {isa = PBXBuildFile; fileRef = 882F91A91D9BE9ED00F08F40 /* Assets.xcassets */; };
		882F91AD1D9BE9ED00F08F40 /* LaunchScreen.storyboard in Resources */ = {isa = PBXBuildFile; fileRef = 882F91AB1D9BE9ED00F08F40 /* LaunchScreen.storyboard */; };
		882F91B81D9BE9EE00F08F40 /* GIT1Tests.swift in Sources */ = {isa = PBXBuildFile; fileRef = 882F91B71D9BE9EE00F08F40 /* GIT1Tests.swift */; };
		882F91C31D9BE9EE00F08F40 /* GIT1UITests.swift in Sources */ = {isa = PBXBuildFile; fileRef = 882F91C21D9BE9EE00F08F40 /* GIT1UITests.swift */; };
/* End PBXBuildFile section */

/* Begin PBXContainerItemProxy section */
		882F91B41D9BE9EE00F08F40 /* PBXContainerItemProxy */ = {
			isa = PBXContainerItemProxy;
			containerPortal = 882F91971D9BE9ED00F08F40 /* Project object */;
			proxyType = 1;
			remoteGlobalIDString = 882F919E1D9BE9ED00F08F40;
			remoteInfo = GIT1;
		};
		882F91BF1D9BE9EE00F08F40 /* PBXContainerItemProxy */ = {
			isa = PBXContainerItemProxy;
			containerPortal = 882F91971D9BE9ED00F08F40 /* Project object */;
			proxyType = 1;
			remoteGlobalIDString = 882F919E1D9BE9ED00F08F40;
			remoteInfo = GIT1;
		};
/* End PBXContainerItemProxy section */

/* Begin PBXFileReference section */
		882F919F1D9BE9ED00F08F40 /* GIT1.app */ = {isa = PBXFileReference; explicitFileType = wrapper.application; includeInIndex = 0; path = GIT1.app; sourceTree = BUILT_PRODUCTS_DIR; };
		882F91A21D9BE9ED00F08F40 /* AppDelegate.swift */ = {isa = PBXFileReference; lastKnownFileType = sourcecode.swift; path = AppDelegate.swift; sourceTree = "<group>"; };
		882F91A41D9BE9ED00F08F40 /* ViewController.swift */ = {isa = PBXFileReference; lastKnownFileType = sourcecode.swift; path = ViewController.swift; sourceTree = "<group>"; };
		882F91A71D9BE9ED00F08F40 /* Base */ = {isa = PBXFileReference; lastKnownFileType = file.storyboard; name = Base; path = Base.lproj/Main.storyboard; sourceTree = "<group>"; };
		882F91A91D9BE9ED00F08F40 /* Assets.xcassets */ = {isa = PBXFileReference; lastKnownFileType = folder.assetcatalog; path = Assets.xcassets; sourceTree = "<group>"; };
		882F91AC1D9BE9ED00F08F40 /* Base */ = {isa = PBXFileReference; lastKnownFileType = file.storyboard; name = Base; path = Base.lproj/LaunchScreen.storyboard; sourceTree = "<group>"; };
		882F91AE1D9BE9ED00F08F40 /* Info.plist */ = {isa = PBXFileReference; lastKnownFileType = text.plist.xml; path = Info.plist; sourceTree = "<group>"; };
		882F91B31D9BE9EE00F08F40 /* GIT1Tests.xctest */ = {isa = PBXFileReference; explicitFileType = wrapper.cfbundle; includeInIndex = 0; path = GIT1Tests.xctest; sourceTree = BUILT_PRODUCTS_DIR; };
		882F91B71D9BE9EE00F08F40 /* GIT1Tests.swift */ = {isa = PBXFileReference; lastKnownFileType = sourcecode.swift; path = GIT1Tests.swift; sourceTree = "<group>"; };
		882F91B91D9BE9EE00F08F40 /* Info.plist */ = {isa = PBXFileReference; lastKnownFileType = text.plist.xml; path = Info.plist; sourceTree = "<group>"; };
		882F91BE1D9BE9EE00F08F40 /* GIT1UITests.xctest */ = {isa = PBXFileReference; explicitFileType = wrapper.cfbundle; includeInIndex = 0; path = GIT1UITests.xctest; sourceTree = BUILT_PRODUCTS_DIR; };
		882F91C21D9BE9EE00F08F40 /* GIT1UITests.swift */ = {isa = PBXFileReference; lastKnownFileType = sourcecode.swift; path = GIT1UITests.swift; sourceTree = "<group>"; };
		882F91C41D9BE9EE00F08F40 /* Info.plist */ = {isa = PBXFileReference; lastKnownFileType = text.plist.xml; path = Info.plist; sourceTree = "<group>"; };
/* End PBXFileReference section */

/* Begin PBXFrameworksBuildPhase section */
		882F919C1D9BE9ED00F08F40 /* Frameworks */ = {
			isa = PBXFrameworksBuildPhase;
			buildActionMask = 2147483647;
			files = (
			);
			runOnlyForDeploymentPostprocessing = 0;
		};
		882F91B01D9BE9EE00F08F40 /* Frameworks */ = {
			isa = PBXFrameworksBuildPhase;
			buildActionMask = 2147483647;
			files = (
			);
			runOnlyForDeploymentPostprocessing = 0;
		};
		882F91BB1D9BE9EE00F08F40 /* Frameworks */ = {
			isa = PBXFrameworksBuildPhase;
			buildActionMask = 2147483647;
			files = (
			);
			runOnlyForDeploymentPostprocessing = 0;
		};
/* End PBXFrameworksBuildPhase section */

/* Begin PBXGroup section */
		882F91961D9BE9ED00F08F40 = {
			isa = PBXGroup;
			children = (
				882F91A11D9BE9ED00F08F40 /* GIT1 */,
				882F91B61D9BE9EE00F08F40 /* GIT1Tests */,
				882F91C11D9BE9EE00F08F40 /* GIT1UITests */,
				882F91A01D9BE9ED00F08F40 /* Products */,
			);
			sourceTree = "<group>";
		};
		882F91A01D9BE9ED00F08F40 /* Products */ = {
			isa = PBXGroup;
			children = (
				882F919F1D9BE9ED00F08F40 /* GIT1.app */,
				882F91B31D9BE9EE00F08F40 /* GIT1Tests.xctest */,
				882F91BE1D9BE9EE00F08F40 /* GIT1UITests.xctest */,
			);
			name = Products;
			sourceTree = "<group>";
		};
		882F91A11D9BE9ED00F08F40 /* GIT1 */ = {
			isa = PBXGroup;
			children = (
				882F91A21D9BE9ED00F08F40 /* AppDelegate.swift */,
				882F91A41D9BE9ED00F08F40 /* ViewController.swift */,
				882F91A61D9BE9ED00F08F40 /* Main.storyboard */,
				882F91A91D9BE9ED00F08F40 /* Assets.xcassets */,
				882F91AB1D9BE9ED00F08F40 /* LaunchScreen.storyboard */,
				882F91AE1D9BE9ED00F08F40 /* Info.plist */,
			);
			path = GIT1;
			sourceTree = "<group>";
		};
		882F91B61D9BE9EE00F08F40 /* GIT1Tests */ = {
			isa = PBXGroup;
			children = (
				882F91B71D9BE9EE00F08F40 /* GIT1Tests.swift */,
				882F91B91D9BE9EE00F08F40 /* Info.plist */,
			);
			path = GIT1Tests;
			sourceTree = "<group>";
		};
		882F91C11D9BE9EE00F08F40 /* GIT1UITests */ = {
			isa = PBXGroup;
			children = (
				882F91C21D9BE9EE00F08F40 /* GIT1UITests.swift */,
				882F91C41D9BE9EE00F08F40 /* Info.plist */,
			);
			path = GIT1UITests;
			sourceTree = "<group>";
		};
/* End PBXGroup section */

/* Begin PBXNativeTarget section */
		882F919E1D9BE9ED00F08F40 /* GIT1 */ = {
			isa = PBXNativeTarget;
			buildConfigurationList = 882F91C71D9BE9EE00F08F40 /* Build configuration list for PBXNativeTarget "GIT1" */;
			buildPhases = (
				882F919B1D9BE9ED00F08F40 /* Sources */,
				882F919C1D9BE9ED00F08F40 /* Frameworks */,
				882F919D1D9BE9ED00F08F40 /* Resources */,
			);
			buildRules = (
			);
			dependencies = (
			);
			name = GIT1;
			productName = GIT1;
			productReference = 882F919F1D9BE9ED00F08F40 /* GIT1.app */;
			productType = "com.apple.product-type.application";
		};
		882F91B21D9BE9EE00F08F40 /* GIT1Tests */ = {
			isa = PBXNativeTarget;
			buildConfigurationList = 882F91CA1D9BE9EE00F08F40 /* Build configuration list for PBXNativeTarget "GIT1Tests" */;
			buildPhases = (
				882F91AF1D9BE9EE00F08F40 /* Sources */,
				882F91B01D9BE9EE00F08F40 /* Frameworks */,
				882F91B11D9BE9EE00F08F40 /* Resources */,
			);
			buildRules = (
			);
			dependencies = (
				882F91B51D9BE9EE00F08F40 /* PBXTargetDependency */,
			);
			name = GIT1Tests;
			productName = GIT1Tests;
			productReference = 882F91B31D9BE9EE00F08F40 /* GIT1Tests.xctest */;
			productType = "com.apple.product-type.bundle.unit-test";
		};
		882F91BD1D9BE9EE00F08F40 /* GIT1UITests */ = {
			isa = PBXNativeTarget;
			buildConfigurationList = 882F91CD1D9BE9EE00F08F40 /* Build configuration list for PBXNativeTarget "GIT1UITests" */;
			buildPhases = (
				882F91BA1D9BE9EE00F08F40 /* Sources */,
				882F91BB1D9BE9EE00F08F40 /* Frameworks */,
				882F91BC1D9BE9EE00F08F40 /* Resources */,
			);
			buildRules = (
			);
			dependencies = (
				882F91C01D9BE9EE00F08F40 /* PBXTargetDependency */,
			);
			name = GIT1UITests;
			productName = GIT1UITests;
			productReference = 882F91BE1D9BE9EE00F08F40 /* GIT1UITests.xctest */;
			productType = "com.apple.product-type.bundle.ui-testing";
		};
/* End PBXNativeTarget section */

/* Begin PBXProject section */
		882F91971D9BE9ED00F08F40 /* Project object */ = {
			isa = PBXProject;
			attributes = {
				LastSwiftUpdateCheck = 0800;
				LastUpgradeCheck = 0800;
				ORGANIZATIONNAME = iSTROBE;
				TargetAttributes = {
					882F919E1D9BE9ED00F08F40 = {
						CreatedOnToolsVersion = 8.0;
						ProvisioningStyle = Automatic;
					};
					882F91B21D9BE9EE00F08F40 = {
						CreatedOnToolsVersion = 8.0;
						ProvisioningStyle = Automatic;
						TestTargetID = 882F919E1D9BE9ED00F08F40;
					};
					882F91BD1D9BE9EE00F08F40 = {
						CreatedOnToolsVersion = 8.0;
						ProvisioningStyle = Automatic;
						TestTargetID = 882F919E1D9BE9ED00F08F40;
					};
				};
			};
			buildConfigurationList = 882F919A1D9BE9ED00F08F40 /* Build configuration list for PBXProject "GIT1" */;
			compatibilityVersion = "Xcode 3.2";
			developmentRegion = English;
			hasScannedForEncodings = 0;
			knownRegions = (
				en,
				Base,
			);
			mainGroup = 882F91961D9BE9ED00F08F40;
			productRefGroup = 882F91A01D9BE9ED00F08F40 /* Products */;
			projectDirPath = "";
			projectRoot = "";
			targets = (
				882F919E1D9BE9ED00F08F40 /* GIT1 */,
				882F91B21D9BE9EE00F08F40 /* GIT1Tests */,
				882F91BD1D9BE9EE00F08F40 /* GIT1UITests */,
			);
		};
/* End PBXProject section */

/* Begin PBXResourcesBuildPhase section */
		882F919D1D9BE9ED00F08F40 /* Resources */ = {
			isa = PBXResourcesBuildPhase;
			buildActionMask = 2147483647;
			files = (
				882F91AD1D9BE9ED00F08F40 /* LaunchScreen.storyboard in Resources */,
				882F91AA1D9BE9ED00F08F40 /* Assets.xcassets in Resources */,
				882F91A81D9BE9ED00F08F40 /* Main.storyboard in Resources */,
			);
			runOnlyForDeploymentPostprocessing = 0;
		};
		882F91B11D9BE9EE00F08F40 /* Resources */ = {
			isa = PBXResourcesBuildPhase;
			buildActionMask = 2147483647;
			files = (
			);
			runOnlyForDeploymentPostprocessing = 0;
		};
		882F91BC1D9BE9EE00F08F40 /* Resources */ = {
			isa = PBXResourcesBuildPhase;
			buildActionMask = 2147483647;
			files = (
			);
			runOnlyForDeploymentPostprocessing = 0;
		};
/* End PBXResourcesBuildPhase section */

/* Begin PBXSourcesBuildPhase section */
		882F919B1D9BE9ED00F08F40 /* Sources */ = {
			isa = PBXSourcesBuildPhase;
			buildActionMask = 2147483647;
			files = (
				882F91A51D9BE9ED00F08F40 /* ViewController.swift in Sources */,
				882F91A31D9BE9ED00F08F40 /* AppDelegate.swift in Sources */,
			);
			runOnlyForDeploymentPostprocessing = 0;
		};
		882F91AF1D9BE9EE00F08F40 /* Sources */ = {
			isa = PBXSourcesBuildPhase;
			buildActionMask = 2147483647;
			files = (
				882F91B81D9BE9EE00F08F40 /* GIT1Tests.swift in Sources */,
			);
			runOnlyForDeploymentPostprocessing = 0;
		};
		882F91BA1D9BE9EE00F08F40 /* Sources */ = {
			isa = PBXSourcesBuildPhase;
			buildActionMask = 2147483647;
			files = (
				882F91C31D9BE9EE00F08F40 /* GIT1UITests.swift in Sources */,
			);
			runOnlyForDeploymentPostprocessing = 0;
		};
/* End PBXSourcesBuildPhase section */

/* Begin PBXTargetDependency section */
		882F91B51D9BE9EE00F08F40 /* PBXTargetDependency */ = {
			isa = PBXTargetDependency;
			target = 882F919E1D9BE9ED00F08F40 /* GIT1 */;
			targetProxy = 882F91B41D9BE9EE00F08F40 /* PBXContainerItemProxy */;
		};
		882F91C01D9BE9EE00F08F40 /* PBXTargetDependency */ = {
			isa = PBXTargetDependency;
			target = 882F919E1D9BE9ED00F08F40 /* GIT1 */;
			targetProxy = 882F91BF1D9BE9EE00F08F40 /* PBXContainerItemProxy */;
		};
/* End PBXTargetDependency section */

/* Begin PBXVariantGroup section */
		882F91A61D9BE9ED00F08F40 /* Main.storyboard */ = {
			isa = PBXVariantGroup;
			children = (
				882F91A71D9BE9ED00F08F40 /* Base */,
			);
			name = Main.storyboard;
			sourceTree = "<group>";
		};
		882F91AB1D9BE9ED00F08F40 /* LaunchScreen.storyboard */ = {
			isa = PBXVariantGroup;
			children = (
				882F91AC1D9BE9ED00F08F40 /* Base */,
			);
			name = LaunchScreen.storyboard;
			sourceTree = "<group>";
		};
/* End PBXVariantGroup section */

/* Begin XCBuildConfiguration section */
		882F91C51D9BE9EE00F08F40 /* Debug */ = {
			isa = XCBuildConfiguration;
			buildSettings = {
				ALWAYS_SEARCH_USER_PATHS = NO;
				CLANG_ANALYZER_NONNULL = YES;
				CLANG_CXX_LANGUAGE_STANDARD = "gnu++0x";
				CLANG_CXX_LIBRARY = "libc++";
				CLANG_ENABLE_MODULES = YES;
				CLANG_ENABLE_OBJC_ARC = YES;
				CLANG_WARN_BOOL_CONVERSION = YES;
				CLANG_WARN_CONSTANT_CONVERSION = YES;
				CLANG_WARN_DIRECT_OBJC_ISA_USAGE = YES_ERROR;
				CLANG_WARN_DOCUMENTATION_COMMENTS = YES;
				CLANG_WARN_EMPTY_BODY = YES;
				CLANG_WARN_ENUM_CONVERSION = YES;
				CLANG_WARN_INFINITE_RECURSION = YES;
				CLANG_WARN_INT_CONVERSION = YES;
				CLANG_WARN_OBJC_ROOT_CLASS = YES_ERROR;
				CLANG_WARN_SUSPICIOUS_MOVES = YES;
				CLANG_WARN_UNREACHABLE_CODE = YES;
				CLANG_WARN__DUPLICATE_METHOD_MATCH = YES;
				"CODE_SIGN_IDENTITY[sdk=iphoneos*]" = "iPhone Developer";
				COPY_PHASE_STRIP = NO;
				DEBUG_INFORMATION_FORMAT = dwarf;
				ENABLE_STRICT_OBJC_MSGSEND = YES;
				ENABLE_TESTABILITY = YES;
				GCC_C_LANGUAGE_STANDARD = gnu99;
				GCC_DYNAMIC_NO_PIC = NO;
				GCC_NO_COMMON_BLOCKS = YES;
				GCC_OPTIMIZATION_LEVEL = 0;
				GCC_PREPROCESSOR_DEFINITIONS = (
					"DEBUG=1",
					"$(inherited)",
				);
				GCC_WARN_64_TO_32_BIT_CONVERSION = YES;
				GCC_WARN_ABOUT_RETURN_TYPE = YES_ERROR;
				GCC_WARN_UNDECLARED_SELECTOR = YES;
				GCC_WARN_UNINITIALIZED_AUTOS = YES_AGGRESSIVE;
				GCC_WARN_UNUSED_FUNCTION = YES;
				GCC_WARN_UNUSED_VARIABLE = YES;
				IPHONEOS_DEPLOYMENT_TARGET = 10.0;
				MTL_ENABLE_DEBUG_INFO = YES;
				ONLY_ACTIVE_ARCH = YES;
				SDKROOT = iphoneos;
				SWIFT_ACTIVE_COMPILATION_CONDITIONS = DEBUG;
				SWIFT_OPTIMIZATION_LEVEL = "-Onone";
			};
			name = Debug;
		};
		882F91C61D9BE9EE00F08F40 /* Release */ = {
			isa = XCBuildConfiguration;
			buildSettings = {
				ALWAYS_SEARCH_USER_PATHS = NO;
				CLANG_ANALYZER_NONNULL = YES;
				CLANG_CXX_LANGUAGE_STANDARD = "gnu++0x";
				CLANG_CXX_LIBRARY = "libc++";
				CLANG_ENABLE_MODULES = YES;
				CLANG_ENABLE_OBJC_ARC = YES;
				CLANG_WARN_BOOL_CONVERSION = YES;
				CLANG_WARN_CONSTANT_CONVERSION = YES;
				CLANG_WARN_DIRECT_OBJC_ISA_USAGE = YES_ERROR;
				CLANG_WARN_DOCUMENTATION_COMMENTS = YES;
				CLANG_WARN_EMPTY_BODY = YES;
				CLANG_WARN_ENUM_CONVERSION = YES;
				CLANG_WARN_INFINITE_RECURSION = YES;
				CLANG_WARN_INT_CONVERSION = YES;
				CLANG_WARN_OBJC_ROOT_CLASS = YES_ERROR;
				CLANG_WARN_SUSPICIOUS_MOVES = YES;
				CLANG_WARN_UNREACHABLE_CODE = YES;
				CLANG_WARN__DUPLICATE_METHOD_MATCH = YES;
				"CODE_SIGN_IDENTITY[sdk=iphoneos*]" = "iPhone Developer";
				COPY_PHASE_STRIP = NO;
				DEBUG_INFORMATION_FORMAT = "dwarf-with-dsym";
				ENABLE_NS_ASSERTIONS = NO;
				ENABLE_STRICT_OBJC_MSGSEND = YES;
				GCC_C_LANGUAGE_STANDARD = gnu99;
				GCC_NO_COMMON_BLOCKS = YES;
				GCC_WARN_64_TO_32_BIT_CONVERSION = YES;
				GCC_WARN_ABOUT_RETURN_TYPE = YES_ERROR;
				GCC_WARN_UNDECLARED_SELECTOR = YES;
				GCC_WARN_UNINITIALIZED_AUTOS = YES_AGGRESSIVE;
				GCC_WARN_UNUSED_FUNCTION = YES;
				GCC_WARN_UNUSED_VARIABLE = YES;
				IPHONEOS_DEPLOYMENT_TARGET = 10.0;
				MTL_ENABLE_DEBUG_INFO = NO;
				SDKROOT = iphoneos;
				SWIFT_OPTIMIZATION_LEVEL = "-Owholemodule";
				VALIDATE_PRODUCT = YES;
			};
			name = Release;
		};
		882F91C81D9BE9EE00F08F40 /* Debug */ = {
			isa = XCBuildConfiguration;
			buildSettings = {
				ASSETCATALOG_COMPILER_APPICON_NAME = AppIcon;
				INFOPLIST_FILE = GIT1/Info.plist;
				LD_RUNPATH_SEARCH_PATHS = "$(inherited) @executable_path/Frameworks";
				PRODUCT_BUNDLE_IDENTIFIER = "com.Istrobe-ehealth.com.GIT1";
				PRODUCT_NAME = "$(TARGET_NAME)";
				SWIFT_VERSION = 3.0;
			};
			name = Debug;
		};
		882F91C91D9BE9EE00F08F40 /* Release */ = {
			isa = XCBuildConfiguration;
			buildSettings = {
				ASSETCATALOG_COMPILER_APPICON_NAME = AppIcon;
				INFOPLIST_FILE = GIT1/Info.plist;
				LD_RUNPATH_SEARCH_PATHS = "$(inherited) @executable_path/Frameworks";
				PRODUCT_BUNDLE_IDENTIFIER = "com.Istrobe-ehealth.com.GIT1";
				PRODUCT_NAME = "$(TARGET_NAME)";
				SWIFT_VERSION = 3.0;
			};
			name = Release;
		};
		882F91CB1D9BE9EE00F08F40 /* Debug */ = {
			isa = XCBuildConfiguration;
			buildSettings = {
				ALWAYS_EMBED_SWIFT_STANDARD_LIBRARIES = YES;
				BUNDLE_LOADER = "$(TEST_HOST)";
				INFOPLIST_FILE = GIT1Tests/Info.plist;
				LD_RUNPATH_SEARCH_PATHS = "$(inherited) @executable_path/Frameworks @loader_path/Frameworks";
				PRODUCT_BUNDLE_IDENTIFIER = "com.Istrobe-ehealth.com.GIT1Tests";
				PRODUCT_NAME = "$(TARGET_NAME)";
				SWIFT_VERSION = 3.0;
				TEST_HOST = "$(BUILT_PRODUCTS_DIR)/GIT1.app/GIT1";
			};
			name = Debug;
		};
		882F91CC1D9BE9EE00F08F40 /* Release */ = {
			isa = XCBuildConfiguration;
			buildSettings = {
				ALWAYS_EMBED_SWIFT_STANDARD_LIBRARIES = YES;
				BUNDLE_LOADER = "$(TEST_HOST)";
				INFOPLIST_FILE = GIT1Tests/Info.plist;
				LD_RUNPATH_SEARCH_PATHS = "$(inherited) @executable_path/Frameworks @loader_path/Frameworks";
				PRODUCT_BUNDLE_IDENTIFIER = "com.Istrobe-ehealth.com.GIT1Tests";
				PRODUCT_NAME = "$(TARGET_NAME)";
				SWIFT_VERSION = 3.0;
				TEST_HOST = "$(BUILT_PRODUCTS_DIR)/GIT1.app/GIT1";
			};
			name = Release;
		};
		882F91CE1D9BE9EE00F08F40 /* Debug */ = {
			isa = XCBuildConfiguration;
			buildSettings = {
				ALWAYS_EMBED_SWIFT_STANDARD_LIBRARIES = YES;
				INFOPLIST_FILE = GIT1UITests/Info.plist;
				LD_RUNPATH_SEARCH_PATHS = "$(inherited) @executable_path/Frameworks @loader_path/Frameworks";
				PRODUCT_BUNDLE_IDENTIFIER = "com.Istrobe-ehealth.com.GIT1UITests";
				PRODUCT_NAME = "$(TARGET_NAME)";
				SWIFT_VERSION = 3.0;
				TEST_TARGET_NAME = GIT1;
			};
			name = Debug;
		};
		882F91CF1D9BE9EE00F08F40 /* Release */ = {
			isa = XCBuildConfiguration;
			buildSettings = {
				ALWAYS_EMBED_SWIFT_STANDARD_LIBRARIES = YES;
				INFOPLIST_FILE = GIT1UITests/Info.plist;
				LD_RUNPATH_SEARCH_PATHS = "$(inherited) @executable_path/Frameworks @loader_path/Frameworks";
				PRODUCT_BUNDLE_IDENTIFIER = "com.Istrobe-ehealth.com.GIT1UITests";
				PRODUCT_NAME = "$(TARGET_NAME)";
				SWIFT_VERSION = 3.0;
				TEST_TARGET_NAME = GIT1;
			};
			name = Release;
		};
/* End XCBuildConfiguration section */

/* Begin XCConfigurationList section */
		882F919A1D9BE9ED00F08F40 /* Build configuration list for PBXProject "GIT1" */ = {
			isa = XCConfigurationList;
			buildConfigurations = (
				882F91C51D9BE9EE00F08F40 /* Debug */,
				882F91C61D9BE9EE00F08F40 /* Release */,
			);
			defaultConfigurationIsVisible = 0;
			defaultConfigurationName = Release;
		};
		882F91C71D9BE9EE00F08F40 /* Build configuration list for PBXNativeTarget "GIT1" */ = {
			isa = XCConfigurationList;
			buildConfigurations = (
				882F91C81D9BE9EE00F08F40 /* Debug */,
				882F91C91D9BE9EE00F08F40 /* Release */,
			);
			defaultConfigurationIsVisible = 0;
		};
		882F91CA1D9BE9EE00F08F40 /* Build configuration list for PBXNativeTarget "GIT1Tests" */ = {
			isa = XCConfigurationList;
			buildConfigurations = (
				882F91CB1D9BE9EE00F08F40 /* Debug */,
				882F91CC1D9BE9EE00F08F40 /* Release */,
			);
			defaultConfigurationIsVisible = 0;
		};
		882F91CD1D9BE9EE00F08F40 /* Build configuration list for PBXNativeTarget "GIT1UITests" */ = {
			isa = XCConfigurationList;
			buildConfigurations = (
				882F91CE1D9BE9EE00F08F40 /* Debug */,
				882F91CF1D9BE9EE00F08F40 /* Release */,
			);
			defaultConfigurationIsVisible = 0;
		};
/* End XCConfigurationList section */
	};
	rootObject = 882F91971D9BE9ED00F08F40 /* Project object */;
}
